
Microsoft Visual Studio Solution File, Format Version 12.00
# Visual Studio Version 17
VisualStudioVersion = 17.11.35312.102
MinimumVisualStudioVersion = 10.0.40219.1
Project("{9A19103F-16F7-4668-BE54-9A1E7A4F7556}") = "Clankboard", "Clankboard\Clankboard.csproj", "{6481BE1B-F433-4989-AD98-08D41F286093}"
EndProject
Project("{FAE04EC0-301F-11D3-BF4B-00C04F79EFBC}") = "Clankboard.Test", "Clankboard.Test\Clankboard.Test.csproj", "{DB48ED56-6B56-4F1B-85CB-20367C60E73E}"
EndProject
Project("{2150E333-8FDC-42A3-9474-1A3956D46DE8}") = "Testing", "Testing", "{02EA681E-C7D8-13C7-8484-4AC65E1B71E8}"
EndProject
Global
	GlobalSection(SolutionConfigurationPlatforms) = preSolution
		Alpha|Any CPU = Alpha|Any CPU
		Alpha|ARM64 = Alpha|ARM64
		Alpha|x64 = Alpha|x64
		Alpha|x86 = Alpha|x86
		Beta|Any CPU = Beta|Any CPU
		Beta|ARM64 = Beta|ARM64
		Beta|x64 = Beta|x64
		Beta|x86 = Beta|x86
		Debug|Any CPU = Debug|Any CPU
		Debug|ARM64 = Debug|ARM64
		Debug|x64 = Debug|x64
		Debug|x86 = Debug|x86
		Indev|Any CPU = Indev|Any CPU
		Indev|ARM64 = Indev|ARM64
		Indev|x64 = Indev|x64
		Indev|x86 = Indev|x86
		Release|Any CPU = Release|Any CPU
		Release|ARM64 = Release|ARM64
		Release|x64 = Release|x64
		Release|x86 = Release|x86
		Release-Candidate|Any CPU = Release-Candidate|Any CPU
		Release-Candidate|ARM64 = Release-Candidate|ARM64
		Release-Candidate|x64 = Release-Candidate|x64
		Release-Candidate|x86 = Release-Candidate|x86
	EndGlobalSection
	GlobalSection(ProjectConfigurationPlatforms) = postSolution
		{6481BE1B-F433-4989-AD98-08D41F286093}.Alpha|Any CPU.ActiveCfg = Alpha|x64
		{6481BE1B-F433-4989-AD98-08D41F286093}.Alpha|Any CPU.Build.0 = Alpha|x64
		{6481BE1B-F433-4989-AD98-08D41F286093}.Alpha|Any CPU.Deploy.0 = Alpha|x64
		{6481BE1B-F433-4989-AD98-08D41F286093}.Alpha|ARM64.ActiveCfg = Alpha|ARM64
		{6481BE1B-F433-4989-AD98-08D41F286093}.Alpha|ARM64.Build.0 = Alpha|ARM64
		{6481BE1B-F433-4989-AD98-08D41F286093}.Alpha|ARM64.Deploy.0 = Alpha|ARM64
		{6481BE1B-F433-4989-AD98-08D41F286093}.Alpha|x64.ActiveCfg = Alpha|x64
		{6481BE1B-F433-4989-AD98-08D41F286093}.Alpha|x64.Build.0 = Alpha|x64
		{6481BE1B-F433-4989-AD98-08D41F286093}.Alpha|x64.Deploy.0 = Alpha|x64
		{6481BE1B-F433-4989-AD98-08D41F286093}.Alpha|x86.ActiveCfg = Alpha|x86
		{6481BE1B-F433-4989-AD98-08D41F286093}.Beta|Any CPU.ActiveCfg = Beta|x64
		{6481BE1B-F433-4989-AD98-08D41F286093}.Beta|Any CPU.Build.0 = Beta|x64
		{6481BE1B-F433-4989-AD98-08D41F286093}.Beta|Any CPU.Deploy.0 = Beta|x64
		{6481BE1B-F433-4989-AD98-08D41F286093}.Beta|ARM64.ActiveCfg = Beta|ARM64
		{6481BE1B-F433-4989-AD98-08D41F286093}.Beta|ARM64.Build.0 = Beta|ARM64
		{6481BE1B-F433-4989-AD98-08D41F286093}.Beta|ARM64.Deploy.0 = Beta|ARM64
		{6481BE1B-F433-4989-AD98-08D41F286093}.Beta|x64.ActiveCfg = Beta|x64
		{6481BE1B-F433-4989-AD98-08D41F286093}.Beta|x64.Build.0 = Beta|x64
		{6481BE1B-F433-4989-AD98-08D41F286093}.Beta|x64.Deploy.0 = Beta|x64
		{6481BE1B-F433-4989-AD98-08D41F286093}.Beta|x86.ActiveCfg = Beta|x86
		{6481BE1B-F433-4989-AD98-08D41F286093}.Beta|x86.Build.0 = Beta|x86
		{6481BE1B-F433-4989-AD98-08D41F286093}.Beta|x86.Deploy.0 = Beta|x86
		{6481BE1B-F433-4989-AD98-08D41F286093}.Debug|Any CPU.ActiveCfg = Pre-Release|x64
		{6481BE1B-F433-4989-AD98-08D41F286093}.Debug|Any CPU.Build.0 = Pre-Release|x64
		{6481BE1B-F433-4989-AD98-08D41F286093}.Debug|ARM64.ActiveCfg = Pre-Release|ARM64
		{6481BE1B-F433-4989-AD98-08D41F286093}.Debug|ARM64.Build.0 = Pre-Release|ARM64
		{6481BE1B-F433-4989-AD98-08D41F286093}.Debug|x64.ActiveCfg = Pre-Release|x64
		{6481BE1B-F433-4989-AD98-08D41F286093}.Debug|x64.Build.0 = Pre-Release|x64
		{6481BE1B-F433-4989-AD98-08D41F286093}.Debug|x86.ActiveCfg = Pre-Release|x86
		{6481BE1B-F433-4989-AD98-08D41F286093}.Debug|x86.Build.0 = Pre-Release|x86
		{6481BE1B-F433-4989-AD98-08D41F286093}.Indev|Any CPU.ActiveCfg = Indev|x64
		{6481BE1B-F433-4989-AD98-08D41F286093}.Indev|Any CPU.Build.0 = Indev|x64
		{6481BE1B-F433-4989-AD98-08D41F286093}.Indev|Any CPU.Deploy.0 = Indev|x64
		{6481BE1B-F433-4989-AD98-08D41F286093}.Indev|ARM64.ActiveCfg = Indev|ARM64
		{6481BE1B-F433-4989-AD98-08D41F286093}.Indev|ARM64.Build.0 = Indev|ARM64
		{6481BE1B-F433-4989-AD98-08D41F286093}.Indev|ARM64.Deploy.0 = Indev|ARM64
		{6481BE1B-F433-4989-AD98-08D41F286093}.Indev|x64.ActiveCfg = Indev|x64
		{6481BE1B-F433-4989-AD98-08D41F286093}.Indev|x64.Build.0 = Indev|x64
		{6481BE1B-F433-4989-AD98-08D41F286093}.Indev|x64.Deploy.0 = Indev|x64
		{6481BE1B-F433-4989-AD98-08D41F286093}.Indev|x86.ActiveCfg = Indev|x86
		{6481BE1B-F433-4989-AD98-08D41F286093}.Indev|x86.Build.0 = Indev|x86
		{6481BE1B-F433-4989-AD98-08D41F286093}.Indev|x86.Deploy.0 = Indev|x86
		{6481BE1B-F433-4989-AD98-08D41F286093}.Release|Any CPU.ActiveCfg = Release|x64
		{6481BE1B-F433-4989-AD98-08D41F286093}.Release|Any CPU.Build.0 = Release|x64
		{6481BE1B-F433-4989-AD98-08D41F286093}.Release|Any CPU.Deploy.0 = Release|x64
		{6481BE1B-F433-4989-AD98-08D41F286093}.Release|ARM64.ActiveCfg = Release|ARM64
		{6481BE1B-F433-4989-AD98-08D41F286093}.Release|ARM64.Build.0 = Release|ARM64
		{6481BE1B-F433-4989-AD98-08D41F286093}.Release|ARM64.Deploy.0 = Release|ARM64
		{6481BE1B-F433-4989-AD98-08D41F286093}.Release|x64.ActiveCfg = Release|x64
		{6481BE1B-F433-4989-AD98-08D41F286093}.Release|x64.Build.0 = Release|x64
		{6481BE1B-F433-4989-AD98-08D41F286093}.Release|x64.Deploy.0 = Release|x64
		{6481BE1B-F433-4989-AD98-08D41F286093}.Release|x86.ActiveCfg = Release|x86
		{6481BE1B-F433-4989-AD98-08D41F286093}.Release|x86.Build.0 = Release|x86
		{6481BE1B-F433-4989-AD98-08D41F286093}.Release|x86.Deploy.0 = Release|x86
		{6481BE1B-F433-4989-AD98-08D41F286093}.Release-Candidate|Any CPU.ActiveCfg = Release-Candidate|x64
		{6481BE1B-F433-4989-AD98-08D41F286093}.Release-Candidate|Any CPU.Build.0 = Release-Candidate|x64
		{6481BE1B-F433-4989-AD98-08D41F286093}.Release-Candidate|Any CPU.Deploy.0 = Release-Candidate|x64
		{6481BE1B-F433-4989-AD98-08D41F286093}.Release-Candidate|ARM64.ActiveCfg = Pre-Release|ARM64
		{6481BE1B-F433-4989-AD98-08D41F286093}.Release-Candidate|ARM64.Build.0 = Pre-Release|ARM64
		{6481BE1B-F433-4989-AD98-08D41F286093}.Release-Candidate|ARM64.Deploy.0 = Pre-Release|ARM64
		{6481BE1B-F433-4989-AD98-08D41F286093}.Release-Candidate|x64.ActiveCfg = Pre-Release|x64
		{6481BE1B-F433-4989-AD98-08D41F286093}.Release-Candidate|x64.Build.0 = Pre-Release|x64
		{6481BE1B-F433-4989-AD98-08D41F286093}.Release-Candidate|x64.Deploy.0 = Pre-Release|x64
		{6481BE1B-F433-4989-AD98-08D41F286093}.Release-Candidate|x86.ActiveCfg = Pre-Release|x86
		{6481BE1B-F433-4989-AD98-08D41F286093}.Release-Candidate|x86.Build.0 = Pre-Release|x86
		{6481BE1B-F433-4989-AD98-08D41F286093}.Release-Candidate|x86.Deploy.0 = Pre-Release|x86
		{DB48ED56-6B56-4F1B-85CB-20367C60E73E}.Alpha|Any CPU.ActiveCfg = Debug|Any CPU
		{DB48ED56-6B56-4F1B-85CB-20367C60E73E}.Alpha|Any CPU.Build.0 = Debug|Any CPU
		{DB48ED56-6B56-4F1B-85CB-20367C60E73E}.Alpha|ARM64.ActiveCfg = Debug|Any CPU
		{DB48ED56-6B56-4F1B-85CB-20367C60E73E}.Alpha|ARM64.Build.0 = Debug|Any CPU
		{DB48ED56-6B56-4F1B-85CB-20367C60E73E}.Alpha|x64.ActiveCfg = Debug|Any CPU
		{DB48ED56-6B56-4F1B-85CB-20367C60E73E}.Alpha|x64.Build.0 = Debug|Any CPU
		{DB48ED56-6B56-4F1B-85CB-20367C60E73E}.Alpha|x86.ActiveCfg = Debug|Any CPU
		{DB48ED56-6B56-4F1B-85CB-20367C60E73E}.Alpha|x86.Build.0 = Debug|Any CPU
		{DB48ED56-6B56-4F1B-85CB-20367C60E73E}.Beta|Any CPU.ActiveCfg = Debug|Any CPU
		{DB48ED56-6B56-4F1B-85CB-20367C60E73E}.Beta|Any CPU.Build.0 = Debug|Any CPU
		{DB48ED56-6B56-4F1B-85CB-20367C60E73E}.Beta|ARM64.ActiveCfg = Debug|Any CPU
		{DB48ED56-6B56-4F1B-85CB-20367C60E73E}.Beta|ARM64.Build.0 = Debug|Any CPU
		{DB48ED56-6B56-4F1B-85CB-20367C60E73E}.Beta|x64.ActiveCfg = Debug|Any CPU
		{DB48ED56-6B56-4F1B-85CB-20367C60E73E}.Beta|x64.Build.0 = Debug|Any CPU
		{DB48ED56-6B56-4F1B-85CB-20367C60E73E}.Beta|x86.ActiveCfg = Debug|Any CPU
		{DB48ED56-6B56-4F1B-85CB-20367C60E73E}.Beta|x86.Build.0 = Debug|Any CPU
		{DB48ED56-6B56-4F1B-85CB-20367C60E73E}.Debug|Any CPU.ActiveCfg = Debug|Any CPU
		{DB48ED56-6B56-4F1B-85CB-20367C60E73E}.Debug|Any CPU.Build.0 = Debug|Any CPU
		{DB48ED56-6B56-4F1B-85CB-20367C60E73E}.Debug|ARM64.ActiveCfg = Debug|Any CPU
		{DB48ED56-6B56-4F1B-85CB-20367C60E73E}.Debug|ARM64.Build.0 = Debug|Any CPU
		{DB48ED56-6B56-4F1B-85CB-20367C60E73E}.Debug|x64.ActiveCfg = Debug|Any CPU
		{DB48ED56-6B56-4F1B-85CB-20367C60E73E}.Debug|x64.Build.0 = Debug|Any CPU
		{DB48ED56-6B56-4F1B-85CB-20367C60E73E}.Debug|x86.ActiveCfg = Debug|Any CPU
		{DB48ED56-6B56-4F1B-85CB-20367C60E73E}.Debug|x86.Build.0 = Debug|Any CPU
		{DB48ED56-6B56-4F1B-85CB-20367C60E73E}.Indev|Any CPU.ActiveCfg = Debug|Any CPU
		{DB48ED56-6B56-4F1B-85CB-20367C60E73E}.Indev|Any CPU.Build.0 = Debug|Any CPU
		{DB48ED56-6B56-4F1B-85CB-20367C60E73E}.Indev|ARM64.ActiveCfg = Debug|Any CPU
		{DB48ED56-6B56-4F1B-85CB-20367C60E73E}.Indev|ARM64.Build.0 = Debug|Any CPU
		{DB48ED56-6B56-4F1B-85CB-20367C60E73E}.Indev|x64.ActiveCfg = Debug|Any CPU
		{DB48ED56-6B56-4F1B-85CB-20367C60E73E}.Indev|x64.Build.0 = Debug|Any CPU
		{DB48ED56-6B56-4F1B-85CB-20367C60E73E}.Indev|x86.ActiveCfg = Debug|Any CPU
		{DB48ED56-6B56-4F1B-85CB-20367C60E73E}.Indev|x86.Build.0 = Debug|Any CPU
		{DB48ED56-6B56-4F1B-85CB-20367C60E73E}.Release|Any CPU.ActiveCfg = Release|Any CPU
		{DB48ED56-6B56-4F1B-85CB-20367C60E73E}.Release|Any CPU.Build.0 = Release|Any CPU
		{DB48ED56-6B56-4F1B-85CB-20367C60E73E}.Release|ARM64.ActiveCfg = Release|Any CPU
		{DB48ED56-6B56-4F1B-85CB-20367C60E73E}.Release|ARM64.Build.0 = Release|Any CPU
		{DB48ED56-6B56-4F1B-85CB-20367C60E73E}.Release|x64.ActiveCfg = Release|Any CPU
		{DB48ED56-6B56-4F1B-85CB-20367C60E73E}.Release|x64.Build.0 = Release|Any CPU
		{DB48ED56-6B56-4F1B-85CB-20367C60E73E}.Release|x86.ActiveCfg = Release|Any CPU
		{DB48ED56-6B56-4F1B-85CB-20367C60E73E}.Release|x86.Build.0 = Release|Any CPU
		{DB48ED56-6B56-4F1B-85CB-20367C60E73E}.Release-Candidate|Any CPU.ActiveCfg = Release|Any CPU
		{DB48ED56-6B56-4F1B-85CB-20367C60E73E}.Release-Candidate|Any CPU.Build.0 = Release|Any CPU
		{DB48ED56-6B56-4F1B-85CB-20367C60E73E}.Release-Candidate|ARM64.ActiveCfg = Release|Any CPU
		{DB48ED56-6B56-4F1B-85CB-20367C60E73E}.Release-Candidate|ARM64.Build.0 = Release|Any CPU
		{DB48ED56-6B56-4F1B-85CB-20367C60E73E}.Release-Candidate|x64.ActiveCfg = Release|Any CPU
		{DB48ED56-6B56-4F1B-85CB-20367C60E73E}.Release-Candidate|x64.Build.0 = Release|Any CPU
		{DB48ED56-6B56-4F1B-85CB-20367C60E73E}.Release-Candidate|x86.ActiveCfg = Release|Any CPU
		{DB48ED56-6B56-4F1B-85CB-20367C60E73E}.Release-Candidate|x86.Build.0 = Release|Any CPU
	EndGlobalSection
	GlobalSection(SolutionProperties) = preSolution
		HideSolutionNode = FALSE
	EndGlobalSection
	GlobalSection(NestedProjects) = preSolution
		{DB48ED56-6B56-4F1B-85CB-20367C60E73E} = {02EA681E-C7D8-13C7-8484-4AC65E1B71E8}
	EndGlobalSection
	GlobalSection(ExtensibilityGlobals) = postSolution
		SolutionGuid = {46B13F08-53D0-454B-9452-769EE4FD5A04}
	EndGlobalSection
EndGlobal
